
Microsoft Visual Studio Solution File, Format Version 12.00
# Visual Studio Version 17
VisualStudioVersion = 17.5.33530.505
MinimumVisualStudioVersion = 10.0.40219.1
Project("{FAE04EC0-301F-11D3-BF4B-00C04F79EFBC}") = "Proyecto 31", "Proyecto 31\Proyecto 31.csproj", "{687F894E-EDB0-4AB0-BBE7-1C196BCF92C3}"
EndProject
Global
	GlobalSection(SolutionConfigurationPlatforms) = preSolution
		Debug|Any CPU = Debug|Any CPU
		Release|Any CPU = Release|Any CPU
	EndGlobalSection
	GlobalSection(ProjectConfigurationPlatforms) = postSolution
		{687F894E-EDB0-4AB0-BBE7-1C196BCF92C3}.Debug|Any CPU.ActiveCfg = Debug|Any CPU
		{687F894E-EDB0-4AB0-BBE7-1C196BCF92C3}.Debug|Any CPU.Build.0 = Debug|Any CPU
		{687F894E-EDB0-4AB0-BBE7-1C196BCF92C3}.Release|Any CPU.ActiveCfg = Release|Any CPU
		{687F894E-EDB0-4AB0-BBE7-1C196BCF92C3}.Release|Any CPU.Build.0 = Release|Any CPU
	EndGlobalSection
	GlobalSection(SolutionProperties) = preSolution
		HideSolutionNode = FALSE
	EndGlobalSection
	GlobalSection(ExtensibilityGlobals) = postSolution
		SolutionGuid = {4E38849C-7128-4596-B4F6-126F96D55B72}
	EndGlobalSection
EndGlobal
