
Microsoft Visual Studio Solution File, Format Version 12.00
# Visual Studio Version 17
VisualStudioVersion = 17.5.33530.505
MinimumVisualStudioVersion = 10.0.40219.1
Project("{FAE04EC0-301F-11D3-BF4B-00C04F79EFBC}") = "Proyecto 29", "Proyecto 29\Proyecto 29.csproj", "{EBFD1256-BE5E-47AB-85CD-8B8C9D4D6114}"
EndProject
Global
	GlobalSection(SolutionConfigurationPlatforms) = preSolution
		Debug|Any CPU = Debug|Any CPU
		Release|Any CPU = Release|Any CPU
	EndGlobalSection
	GlobalSection(ProjectConfigurationPlatforms) = postSolution
		{EBFD1256-BE5E-47AB-85CD-8B8C9D4D6114}.Debug|Any CPU.ActiveCfg = Debug|Any CPU
		{EBFD1256-BE5E-47AB-85CD-8B8C9D4D6114}.Debug|Any CPU.Build.0 = Debug|Any CPU
		{EBFD1256-BE5E-47AB-85CD-8B8C9D4D6114}.Release|Any CPU.ActiveCfg = Release|Any CPU
		{EBFD1256-BE5E-47AB-85CD-8B8C9D4D6114}.Release|Any CPU.Build.0 = Release|Any CPU
	EndGlobalSection
	GlobalSection(SolutionProperties) = preSolution
		HideSolutionNode = FALSE
	EndGlobalSection
	GlobalSection(ExtensibilityGlobals) = postSolution
		SolutionGuid = {C6027F40-0C89-4430-97E8-79EF6D3848EB}
	EndGlobalSection
EndGlobal
