
Microsoft Visual Studio Solution File, Format Version 12.00
# Visual Studio Version 17
VisualStudioVersion = 17.3.32929.385
MinimumVisualStudioVersion = 10.0.40219.1
Project("{FAE04EC0-301F-11D3-BF4B-00C04F79EFBC}") = "Proyecto 8", "Proyecto 8\Proyecto 8.csproj", "{43C50CC6-C309-432E-B789-6B0AF456A70A}"
EndProject
Global
	GlobalSection(SolutionConfigurationPlatforms) = preSolution
		Debug|Any CPU = Debug|Any CPU
		Release|Any CPU = Release|Any CPU
	EndGlobalSection
	GlobalSection(ProjectConfigurationPlatforms) = postSolution
		{43C50CC6-C309-432E-B789-6B0AF456A70A}.Debug|Any CPU.ActiveCfg = Debug|Any CPU
		{43C50CC6-C309-432E-B789-6B0AF456A70A}.Debug|Any CPU.Build.0 = Debug|Any CPU
		{43C50CC6-C309-432E-B789-6B0AF456A70A}.Release|Any CPU.ActiveCfg = Release|Any CPU
		{43C50CC6-C309-432E-B789-6B0AF456A70A}.Release|Any CPU.Build.0 = Release|Any CPU
	EndGlobalSection
	GlobalSection(SolutionProperties) = preSolution
		HideSolutionNode = FALSE
	EndGlobalSection
	GlobalSection(ExtensibilityGlobals) = postSolution
		SolutionGuid = {895BE1DF-292B-42D1-9B3C-B17AA7AE9F6D}
	EndGlobalSection
EndGlobal
