
Microsoft Visual Studio Solution File, Format Version 12.00
# Visual Studio Version 17
VisualStudioVersion = 17.3.32929.385
MinimumVisualStudioVersion = 10.0.40219.1
Project("{FAE04EC0-301F-11D3-BF4B-00C04F79EFBC}") = "Proyecto 1", "Proyecto 1\Proyecto 1.csproj", "{4B6F53F4-9AEE-4B7E-9110-7C2A5FE22BB6}"
EndProject
Global
	GlobalSection(SolutionConfigurationPlatforms) = preSolution
		Debug|Any CPU = Debug|Any CPU
		Release|Any CPU = Release|Any CPU
	EndGlobalSection
	GlobalSection(ProjectConfigurationPlatforms) = postSolution
		{4B6F53F4-9AEE-4B7E-9110-7C2A5FE22BB6}.Debug|Any CPU.ActiveCfg = Debug|Any CPU
		{4B6F53F4-9AEE-4B7E-9110-7C2A5FE22BB6}.Debug|Any CPU.Build.0 = Debug|Any CPU
		{4B6F53F4-9AEE-4B7E-9110-7C2A5FE22BB6}.Release|Any CPU.ActiveCfg = Release|Any CPU
		{4B6F53F4-9AEE-4B7E-9110-7C2A5FE22BB6}.Release|Any CPU.Build.0 = Release|Any CPU
	EndGlobalSection
	GlobalSection(SolutionProperties) = preSolution
		HideSolutionNode = FALSE
	EndGlobalSection
	GlobalSection(ExtensibilityGlobals) = postSolution
		SolutionGuid = {DCB7F066-CD77-4C64-A480-224F023FB163}
	EndGlobalSection
EndGlobal
