
Microsoft Visual Studio Solution File, Format Version 12.00
# Visual Studio Version 17
VisualStudioVersion = 17.5.33530.505
MinimumVisualStudioVersion = 10.0.40219.1
Project("{FAE04EC0-301F-11D3-BF4B-00C04F79EFBC}") = "Proyecto #35", "Proyecto #35\Proyecto #35.csproj", "{7FEFCD70-8605-45DA-9AFB-E5E3AA77BBCB}"
EndProject
Global
	GlobalSection(SolutionConfigurationPlatforms) = preSolution
		Debug|Any CPU = Debug|Any CPU
		Release|Any CPU = Release|Any CPU
	EndGlobalSection
	GlobalSection(ProjectConfigurationPlatforms) = postSolution
		{7FEFCD70-8605-45DA-9AFB-E5E3AA77BBCB}.Debug|Any CPU.ActiveCfg = Debug|Any CPU
		{7FEFCD70-8605-45DA-9AFB-E5E3AA77BBCB}.Debug|Any CPU.Build.0 = Debug|Any CPU
		{7FEFCD70-8605-45DA-9AFB-E5E3AA77BBCB}.Release|Any CPU.ActiveCfg = Release|Any CPU
		{7FEFCD70-8605-45DA-9AFB-E5E3AA77BBCB}.Release|Any CPU.Build.0 = Release|Any CPU
	EndGlobalSection
	GlobalSection(SolutionProperties) = preSolution
		HideSolutionNode = FALSE
	EndGlobalSection
	GlobalSection(ExtensibilityGlobals) = postSolution
		SolutionGuid = {02B6DC78-CF68-459D-8A59-F83F1E3F4191}
	EndGlobalSection
EndGlobal
