
Microsoft Visual Studio Solution File, Format Version 12.00
# Visual Studio Version 17
VisualStudioVersion = 17.5.33530.505
MinimumVisualStudioVersion = 10.0.40219.1
Project("{FAE04EC0-301F-11D3-BF4B-00C04F79EFBC}") = "Proyecto 37", "Proyecto 37\Proyecto 37.csproj", "{2A6E3114-59AF-443B-A9EF-F34E8C921099}"
EndProject
Global
	GlobalSection(SolutionConfigurationPlatforms) = preSolution
		Debug|Any CPU = Debug|Any CPU
		Release|Any CPU = Release|Any CPU
	EndGlobalSection
	GlobalSection(ProjectConfigurationPlatforms) = postSolution
		{2A6E3114-59AF-443B-A9EF-F34E8C921099}.Debug|Any CPU.ActiveCfg = Debug|Any CPU
		{2A6E3114-59AF-443B-A9EF-F34E8C921099}.Debug|Any CPU.Build.0 = Debug|Any CPU
		{2A6E3114-59AF-443B-A9EF-F34E8C921099}.Release|Any CPU.ActiveCfg = Release|Any CPU
		{2A6E3114-59AF-443B-A9EF-F34E8C921099}.Release|Any CPU.Build.0 = Release|Any CPU
	EndGlobalSection
	GlobalSection(SolutionProperties) = preSolution
		HideSolutionNode = FALSE
	EndGlobalSection
	GlobalSection(ExtensibilityGlobals) = postSolution
		SolutionGuid = {36040EBE-D3F5-495B-A2E4-2D9F54C5DA16}
	EndGlobalSection
EndGlobal
