
Microsoft Visual Studio Solution File, Format Version 12.00
# Visual Studio Version 17
VisualStudioVersion = 17.5.33530.505
MinimumVisualStudioVersion = 10.0.40219.1
Project("{FAE04EC0-301F-11D3-BF4B-00C04F79EFBC}") = "Proyecto 39", "Proyecto 39\Proyecto 39.csproj", "{AE204A7E-357D-4DD0-9D61-B3835949E242}"
EndProject
Global
	GlobalSection(SolutionConfigurationPlatforms) = preSolution
		Debug|Any CPU = Debug|Any CPU
		Release|Any CPU = Release|Any CPU
	EndGlobalSection
	GlobalSection(ProjectConfigurationPlatforms) = postSolution
		{AE204A7E-357D-4DD0-9D61-B3835949E242}.Debug|Any CPU.ActiveCfg = Debug|Any CPU
		{AE204A7E-357D-4DD0-9D61-B3835949E242}.Debug|Any CPU.Build.0 = Debug|Any CPU
		{AE204A7E-357D-4DD0-9D61-B3835949E242}.Release|Any CPU.ActiveCfg = Release|Any CPU
		{AE204A7E-357D-4DD0-9D61-B3835949E242}.Release|Any CPU.Build.0 = Release|Any CPU
	EndGlobalSection
	GlobalSection(SolutionProperties) = preSolution
		HideSolutionNode = FALSE
	EndGlobalSection
	GlobalSection(ExtensibilityGlobals) = postSolution
		SolutionGuid = {F50AB7DA-E83E-4AD4-92CE-F09B0AEEFD5A}
	EndGlobalSection
EndGlobal
