
Microsoft Visual Studio Solution File, Format Version 12.00
# Visual Studio Version 17
VisualStudioVersion = 17.3.32929.385
MinimumVisualStudioVersion = 10.0.40219.1
Project("{FAE04EC0-301F-11D3-BF4B-00C04F79EFBC}") = "Proyecto 9", "Proyecto 9\Proyecto 9.csproj", "{0F90B796-2D21-43D9-9166-934EDFCE4E40}"
EndProject
Global
	GlobalSection(SolutionConfigurationPlatforms) = preSolution
		Debug|Any CPU = Debug|Any CPU
		Release|Any CPU = Release|Any CPU
	EndGlobalSection
	GlobalSection(ProjectConfigurationPlatforms) = postSolution
		{0F90B796-2D21-43D9-9166-934EDFCE4E40}.Debug|Any CPU.ActiveCfg = Debug|Any CPU
		{0F90B796-2D21-43D9-9166-934EDFCE4E40}.Debug|Any CPU.Build.0 = Debug|Any CPU
		{0F90B796-2D21-43D9-9166-934EDFCE4E40}.Release|Any CPU.ActiveCfg = Release|Any CPU
		{0F90B796-2D21-43D9-9166-934EDFCE4E40}.Release|Any CPU.Build.0 = Release|Any CPU
	EndGlobalSection
	GlobalSection(SolutionProperties) = preSolution
		HideSolutionNode = FALSE
	EndGlobalSection
	GlobalSection(ExtensibilityGlobals) = postSolution
		SolutionGuid = {5633600D-325F-439C-AB0C-209C092F4814}
	EndGlobalSection
EndGlobal
