
Microsoft Visual Studio Solution File, Format Version 12.00
# Visual Studio Version 17
VisualStudioVersion = 17.5.33530.505
MinimumVisualStudioVersion = 10.0.40219.1
Project("{FAE04EC0-301F-11D3-BF4B-00C04F79EFBC}") = "Proyecto 14", "Proyecto 14\Proyecto 14.csproj", "{2F9BD176-B568-4B57-9D27-07CBDE075367}"
EndProject
Global
	GlobalSection(SolutionConfigurationPlatforms) = preSolution
		Debug|Any CPU = Debug|Any CPU
		Release|Any CPU = Release|Any CPU
	EndGlobalSection
	GlobalSection(ProjectConfigurationPlatforms) = postSolution
		{2F9BD176-B568-4B57-9D27-07CBDE075367}.Debug|Any CPU.ActiveCfg = Debug|Any CPU
		{2F9BD176-B568-4B57-9D27-07CBDE075367}.Debug|Any CPU.Build.0 = Debug|Any CPU
		{2F9BD176-B568-4B57-9D27-07CBDE075367}.Release|Any CPU.ActiveCfg = Release|Any CPU
		{2F9BD176-B568-4B57-9D27-07CBDE075367}.Release|Any CPU.Build.0 = Release|Any CPU
	EndGlobalSection
	GlobalSection(SolutionProperties) = preSolution
		HideSolutionNode = FALSE
	EndGlobalSection
	GlobalSection(ExtensibilityGlobals) = postSolution
		SolutionGuid = {633BEA4D-12EC-41AF-8F8F-E41FCAAF8689}
	EndGlobalSection
EndGlobal
