
Microsoft Visual Studio Solution File, Format Version 12.00
# Visual Studio Version 17
VisualStudioVersion = 17.5.33530.505
MinimumVisualStudioVersion = 10.0.40219.1
Project("{FAE04EC0-301F-11D3-BF4B-00C04F79EFBC}") = "Proyecto 17", "Proyecto 17\Proyecto 17.csproj", "{585B07C7-7CF1-43AA-AACB-E4A84D35DE92}"
EndProject
Global
	GlobalSection(SolutionConfigurationPlatforms) = preSolution
		Debug|Any CPU = Debug|Any CPU
		Release|Any CPU = Release|Any CPU
	EndGlobalSection
	GlobalSection(ProjectConfigurationPlatforms) = postSolution
		{585B07C7-7CF1-43AA-AACB-E4A84D35DE92}.Debug|Any CPU.ActiveCfg = Debug|Any CPU
		{585B07C7-7CF1-43AA-AACB-E4A84D35DE92}.Debug|Any CPU.Build.0 = Debug|Any CPU
		{585B07C7-7CF1-43AA-AACB-E4A84D35DE92}.Release|Any CPU.ActiveCfg = Release|Any CPU
		{585B07C7-7CF1-43AA-AACB-E4A84D35DE92}.Release|Any CPU.Build.0 = Release|Any CPU
	EndGlobalSection
	GlobalSection(SolutionProperties) = preSolution
		HideSolutionNode = FALSE
	EndGlobalSection
	GlobalSection(ExtensibilityGlobals) = postSolution
		SolutionGuid = {245FC00B-462A-46DF-A4F9-1E9FB9CF5CB6}
	EndGlobalSection
EndGlobal
