
Microsoft Visual Studio Solution File, Format Version 12.00
# Visual Studio Version 17
VisualStudioVersion = 17.5.33530.505
MinimumVisualStudioVersion = 10.0.40219.1
Project("{FAE04EC0-301F-11D3-BF4B-00C04F79EFBC}") = "Proyecto 22", "Proyecto 22\Proyecto 22.csproj", "{5CE902CB-CF69-49B1-B17B-8910EC698B6C}"
EndProject
Global
	GlobalSection(SolutionConfigurationPlatforms) = preSolution
		Debug|Any CPU = Debug|Any CPU
		Release|Any CPU = Release|Any CPU
	EndGlobalSection
	GlobalSection(ProjectConfigurationPlatforms) = postSolution
		{5CE902CB-CF69-49B1-B17B-8910EC698B6C}.Debug|Any CPU.ActiveCfg = Debug|Any CPU
		{5CE902CB-CF69-49B1-B17B-8910EC698B6C}.Debug|Any CPU.Build.0 = Debug|Any CPU
		{5CE902CB-CF69-49B1-B17B-8910EC698B6C}.Release|Any CPU.ActiveCfg = Release|Any CPU
		{5CE902CB-CF69-49B1-B17B-8910EC698B6C}.Release|Any CPU.Build.0 = Release|Any CPU
	EndGlobalSection
	GlobalSection(SolutionProperties) = preSolution
		HideSolutionNode = FALSE
	EndGlobalSection
	GlobalSection(ExtensibilityGlobals) = postSolution
		SolutionGuid = {4D1785B8-D99A-453A-A74F-F4649863AE8B}
	EndGlobalSection
EndGlobal
