
Microsoft Visual Studio Solution File, Format Version 12.00
# Visual Studio Version 17
VisualStudioVersion = 17.5.33530.505
MinimumVisualStudioVersion = 10.0.40219.1
Project("{FAE04EC0-301F-11D3-BF4B-00C04F79EFBC}") = "Proyecto 26", "Proyecto 26\Proyecto 26.csproj", "{2AF133D2-811E-4153-B572-F8CF13AF37A2}"
EndProject
Global
	GlobalSection(SolutionConfigurationPlatforms) = preSolution
		Debug|Any CPU = Debug|Any CPU
		Release|Any CPU = Release|Any CPU
	EndGlobalSection
	GlobalSection(ProjectConfigurationPlatforms) = postSolution
		{2AF133D2-811E-4153-B572-F8CF13AF37A2}.Debug|Any CPU.ActiveCfg = Debug|Any CPU
		{2AF133D2-811E-4153-B572-F8CF13AF37A2}.Debug|Any CPU.Build.0 = Debug|Any CPU
		{2AF133D2-811E-4153-B572-F8CF13AF37A2}.Release|Any CPU.ActiveCfg = Release|Any CPU
		{2AF133D2-811E-4153-B572-F8CF13AF37A2}.Release|Any CPU.Build.0 = Release|Any CPU
	EndGlobalSection
	GlobalSection(SolutionProperties) = preSolution
		HideSolutionNode = FALSE
	EndGlobalSection
	GlobalSection(ExtensibilityGlobals) = postSolution
		SolutionGuid = {3090831C-9C2A-4C5E-977A-6EE32175D02C}
	EndGlobalSection
EndGlobal
