
Microsoft Visual Studio Solution File, Format Version 12.00
# Visual Studio Version 17
VisualStudioVersion = 17.5.33530.505
MinimumVisualStudioVersion = 10.0.40219.1
Project("{FAE04EC0-301F-11D3-BF4B-00C04F79EFBC}") = "Proyecto 25", "Proyecto 25\Proyecto 25.csproj", "{A86DDEC2-1821-4A70-A00D-4C1613AF5BC2}"
EndProject
Global
	GlobalSection(SolutionConfigurationPlatforms) = preSolution
		Debug|Any CPU = Debug|Any CPU
		Release|Any CPU = Release|Any CPU
	EndGlobalSection
	GlobalSection(ProjectConfigurationPlatforms) = postSolution
		{A86DDEC2-1821-4A70-A00D-4C1613AF5BC2}.Debug|Any CPU.ActiveCfg = Debug|Any CPU
		{A86DDEC2-1821-4A70-A00D-4C1613AF5BC2}.Debug|Any CPU.Build.0 = Debug|Any CPU
		{A86DDEC2-1821-4A70-A00D-4C1613AF5BC2}.Release|Any CPU.ActiveCfg = Release|Any CPU
		{A86DDEC2-1821-4A70-A00D-4C1613AF5BC2}.Release|Any CPU.Build.0 = Release|Any CPU
	EndGlobalSection
	GlobalSection(SolutionProperties) = preSolution
		HideSolutionNode = FALSE
	EndGlobalSection
	GlobalSection(ExtensibilityGlobals) = postSolution
		SolutionGuid = {DE2B9759-90E5-41DD-8AA2-910A20D6B691}
	EndGlobalSection
EndGlobal
