
Microsoft Visual Studio Solution File, Format Version 12.00
# Visual Studio Version 17
VisualStudioVersion = 17.5.33530.505
MinimumVisualStudioVersion = 10.0.40219.1
Project("{FAE04EC0-301F-11D3-BF4B-00C04F79EFBC}") = "Proyecto 16", "Proyecto 16\Proyecto 16.csproj", "{16ABF2C7-96B7-4CCD-A1FF-B5DC5060F725}"
EndProject
Global
	GlobalSection(SolutionConfigurationPlatforms) = preSolution
		Debug|Any CPU = Debug|Any CPU
		Release|Any CPU = Release|Any CPU
	EndGlobalSection
	GlobalSection(ProjectConfigurationPlatforms) = postSolution
		{16ABF2C7-96B7-4CCD-A1FF-B5DC5060F725}.Debug|Any CPU.ActiveCfg = Debug|Any CPU
		{16ABF2C7-96B7-4CCD-A1FF-B5DC5060F725}.Debug|Any CPU.Build.0 = Debug|Any CPU
		{16ABF2C7-96B7-4CCD-A1FF-B5DC5060F725}.Release|Any CPU.ActiveCfg = Release|Any CPU
		{16ABF2C7-96B7-4CCD-A1FF-B5DC5060F725}.Release|Any CPU.Build.0 = Release|Any CPU
	EndGlobalSection
	GlobalSection(SolutionProperties) = preSolution
		HideSolutionNode = FALSE
	EndGlobalSection
	GlobalSection(ExtensibilityGlobals) = postSolution
		SolutionGuid = {F15D6227-96B8-4FFF-A116-E93D94464FDF}
	EndGlobalSection
EndGlobal
