
Microsoft Visual Studio Solution File, Format Version 12.00
# Visual Studio Version 17
VisualStudioVersion = 17.3.32929.385
MinimumVisualStudioVersion = 10.0.40219.1
Project("{FAE04EC0-301F-11D3-BF4B-00C04F79EFBC}") = "Proyecto 2", "Proyecto 2\Proyecto 2.csproj", "{4EE4EF0A-BC57-4F07-8ADF-64065C05BEAE}"
EndProject
Global
	GlobalSection(SolutionConfigurationPlatforms) = preSolution
		Debug|Any CPU = Debug|Any CPU
		Release|Any CPU = Release|Any CPU
	EndGlobalSection
	GlobalSection(ProjectConfigurationPlatforms) = postSolution
		{4EE4EF0A-BC57-4F07-8ADF-64065C05BEAE}.Debug|Any CPU.ActiveCfg = Debug|Any CPU
		{4EE4EF0A-BC57-4F07-8ADF-64065C05BEAE}.Debug|Any CPU.Build.0 = Debug|Any CPU
		{4EE4EF0A-BC57-4F07-8ADF-64065C05BEAE}.Release|Any CPU.ActiveCfg = Release|Any CPU
		{4EE4EF0A-BC57-4F07-8ADF-64065C05BEAE}.Release|Any CPU.Build.0 = Release|Any CPU
	EndGlobalSection
	GlobalSection(SolutionProperties) = preSolution
		HideSolutionNode = FALSE
	EndGlobalSection
	GlobalSection(ExtensibilityGlobals) = postSolution
		SolutionGuid = {BC2F8FF9-77C6-455C-A5D7-9A66407EA194}
	EndGlobalSection
EndGlobal
