
Microsoft Visual Studio Solution File, Format Version 12.00
# Visual Studio Version 17
VisualStudioVersion = 17.5.33530.505
MinimumVisualStudioVersion = 10.0.40219.1
Project("{FAE04EC0-301F-11D3-BF4B-00C04F79EFBC}") = "Proyecto 38", "Proyecto 38\Proyecto 38.csproj", "{873E31AF-897F-4D2E-90F0-75D90BD05A32}"
EndProject
Global
	GlobalSection(SolutionConfigurationPlatforms) = preSolution
		Debug|Any CPU = Debug|Any CPU
		Release|Any CPU = Release|Any CPU
	EndGlobalSection
	GlobalSection(ProjectConfigurationPlatforms) = postSolution
		{873E31AF-897F-4D2E-90F0-75D90BD05A32}.Debug|Any CPU.ActiveCfg = Debug|Any CPU
		{873E31AF-897F-4D2E-90F0-75D90BD05A32}.Debug|Any CPU.Build.0 = Debug|Any CPU
		{873E31AF-897F-4D2E-90F0-75D90BD05A32}.Release|Any CPU.ActiveCfg = Release|Any CPU
		{873E31AF-897F-4D2E-90F0-75D90BD05A32}.Release|Any CPU.Build.0 = Release|Any CPU
	EndGlobalSection
	GlobalSection(SolutionProperties) = preSolution
		HideSolutionNode = FALSE
	EndGlobalSection
	GlobalSection(ExtensibilityGlobals) = postSolution
		SolutionGuid = {C09622B8-4F9E-4230-B73C-78F3B81CD7FC}
	EndGlobalSection
EndGlobal
