
Microsoft Visual Studio Solution File, Format Version 12.00
# Visual Studio Version 17
VisualStudioVersion = 17.3.32929.385
MinimumVisualStudioVersion = 10.0.40219.1
Project("{FAE04EC0-301F-11D3-BF4B-00C04F79EFBC}") = "Proyecto 3", "Proyecto 3\Proyecto 3.csproj", "{DBF0DB00-C631-476F-AA98-2F0C8346F80C}"
EndProject
Global
	GlobalSection(SolutionConfigurationPlatforms) = preSolution
		Debug|Any CPU = Debug|Any CPU
		Release|Any CPU = Release|Any CPU
	EndGlobalSection
	GlobalSection(ProjectConfigurationPlatforms) = postSolution
		{DBF0DB00-C631-476F-AA98-2F0C8346F80C}.Debug|Any CPU.ActiveCfg = Debug|Any CPU
		{DBF0DB00-C631-476F-AA98-2F0C8346F80C}.Debug|Any CPU.Build.0 = Debug|Any CPU
		{DBF0DB00-C631-476F-AA98-2F0C8346F80C}.Release|Any CPU.ActiveCfg = Release|Any CPU
		{DBF0DB00-C631-476F-AA98-2F0C8346F80C}.Release|Any CPU.Build.0 = Release|Any CPU
	EndGlobalSection
	GlobalSection(SolutionProperties) = preSolution
		HideSolutionNode = FALSE
	EndGlobalSection
	GlobalSection(ExtensibilityGlobals) = postSolution
		SolutionGuid = {A70AEFB2-B659-4A40-A515-AF040890C810}
	EndGlobalSection
EndGlobal
