
Microsoft Visual Studio Solution File, Format Version 12.00
# Visual Studio Version 17
VisualStudioVersion = 17.5.33530.505
MinimumVisualStudioVersion = 10.0.40219.1
Project("{FAE04EC0-301F-11D3-BF4B-00C04F79EFBC}") = "Proyecto 33", "Proyecto 33\Proyecto 33.csproj", "{ED043511-8347-474D-9B8E-5CF7816A818D}"
EndProject
Global
	GlobalSection(SolutionConfigurationPlatforms) = preSolution
		Debug|Any CPU = Debug|Any CPU
		Release|Any CPU = Release|Any CPU
	EndGlobalSection
	GlobalSection(ProjectConfigurationPlatforms) = postSolution
		{ED043511-8347-474D-9B8E-5CF7816A818D}.Debug|Any CPU.ActiveCfg = Debug|Any CPU
		{ED043511-8347-474D-9B8E-5CF7816A818D}.Debug|Any CPU.Build.0 = Debug|Any CPU
		{ED043511-8347-474D-9B8E-5CF7816A818D}.Release|Any CPU.ActiveCfg = Release|Any CPU
		{ED043511-8347-474D-9B8E-5CF7816A818D}.Release|Any CPU.Build.0 = Release|Any CPU
	EndGlobalSection
	GlobalSection(SolutionProperties) = preSolution
		HideSolutionNode = FALSE
	EndGlobalSection
	GlobalSection(ExtensibilityGlobals) = postSolution
		SolutionGuid = {2B09A578-275E-4D28-BD35-28CF86936B81}
	EndGlobalSection
EndGlobal
