
Microsoft Visual Studio Solution File, Format Version 12.00
# Visual Studio Version 17
VisualStudioVersion = 17.5.33530.505
MinimumVisualStudioVersion = 10.0.40219.1
Project("{FAE04EC0-301F-11D3-BF4B-00C04F79EFBC}") = "Proyecto 21", "Proyecto 21\Proyecto 21.csproj", "{4823D2CE-FA55-494B-9252-1DA1BED9B1F2}"
EndProject
Global
	GlobalSection(SolutionConfigurationPlatforms) = preSolution
		Debug|Any CPU = Debug|Any CPU
		Release|Any CPU = Release|Any CPU
	EndGlobalSection
	GlobalSection(ProjectConfigurationPlatforms) = postSolution
		{4823D2CE-FA55-494B-9252-1DA1BED9B1F2}.Debug|Any CPU.ActiveCfg = Debug|Any CPU
		{4823D2CE-FA55-494B-9252-1DA1BED9B1F2}.Debug|Any CPU.Build.0 = Debug|Any CPU
		{4823D2CE-FA55-494B-9252-1DA1BED9B1F2}.Release|Any CPU.ActiveCfg = Release|Any CPU
		{4823D2CE-FA55-494B-9252-1DA1BED9B1F2}.Release|Any CPU.Build.0 = Release|Any CPU
	EndGlobalSection
	GlobalSection(SolutionProperties) = preSolution
		HideSolutionNode = FALSE
	EndGlobalSection
	GlobalSection(ExtensibilityGlobals) = postSolution
		SolutionGuid = {B2BF2572-768D-409F-B3A0-E1234EE3203C}
	EndGlobalSection
EndGlobal
