
Microsoft Visual Studio Solution File, Format Version 12.00
# Visual Studio Version 17
VisualStudioVersion = 17.5.33530.505
MinimumVisualStudioVersion = 10.0.40219.1
Project("{FAE04EC0-301F-11D3-BF4B-00C04F79EFBC}") = "Proyecto 11", "Proyecto 11\Proyecto 11.csproj", "{AA2DDAB1-4822-48C4-99C3-09006151403A}"
EndProject
Global
	GlobalSection(SolutionConfigurationPlatforms) = preSolution
		Debug|Any CPU = Debug|Any CPU
		Release|Any CPU = Release|Any CPU
	EndGlobalSection
	GlobalSection(ProjectConfigurationPlatforms) = postSolution
		{AA2DDAB1-4822-48C4-99C3-09006151403A}.Debug|Any CPU.ActiveCfg = Debug|Any CPU
		{AA2DDAB1-4822-48C4-99C3-09006151403A}.Debug|Any CPU.Build.0 = Debug|Any CPU
		{AA2DDAB1-4822-48C4-99C3-09006151403A}.Release|Any CPU.ActiveCfg = Release|Any CPU
		{AA2DDAB1-4822-48C4-99C3-09006151403A}.Release|Any CPU.Build.0 = Release|Any CPU
	EndGlobalSection
	GlobalSection(SolutionProperties) = preSolution
		HideSolutionNode = FALSE
	EndGlobalSection
	GlobalSection(ExtensibilityGlobals) = postSolution
		SolutionGuid = {9424F5BD-5B64-4EE5-A0BB-997BF330E482}
	EndGlobalSection
EndGlobal
