
Microsoft Visual Studio Solution File, Format Version 12.00
# Visual Studio Version 17
VisualStudioVersion = 17.5.33530.505
MinimumVisualStudioVersion = 10.0.40219.1
Project("{FAE04EC0-301F-11D3-BF4B-00C04F79EFBC}") = "Proyecto 27", "Proyecto 27\Proyecto 27.csproj", "{F135BE9F-9E7F-4049-8919-4F8622384B3A}"
EndProject
Global
	GlobalSection(SolutionConfigurationPlatforms) = preSolution
		Debug|Any CPU = Debug|Any CPU
		Release|Any CPU = Release|Any CPU
	EndGlobalSection
	GlobalSection(ProjectConfigurationPlatforms) = postSolution
		{F135BE9F-9E7F-4049-8919-4F8622384B3A}.Debug|Any CPU.ActiveCfg = Debug|Any CPU
		{F135BE9F-9E7F-4049-8919-4F8622384B3A}.Debug|Any CPU.Build.0 = Debug|Any CPU
		{F135BE9F-9E7F-4049-8919-4F8622384B3A}.Release|Any CPU.ActiveCfg = Release|Any CPU
		{F135BE9F-9E7F-4049-8919-4F8622384B3A}.Release|Any CPU.Build.0 = Release|Any CPU
	EndGlobalSection
	GlobalSection(SolutionProperties) = preSolution
		HideSolutionNode = FALSE
	EndGlobalSection
	GlobalSection(ExtensibilityGlobals) = postSolution
		SolutionGuid = {3CD76DD6-9E30-4FB5-A791-9F3609BEEE57}
	EndGlobalSection
EndGlobal
